
Microsoft Visual Studio Solution File, Format Version 12.00
# Visual Studio 14
VisualStudioVersion = 14.0.25420.1
MinimumVisualStudioVersion = 10.0.40219.1
Project("{2150E333-8FDC-42A3-9474-1A3956D46DE8}") = "Features", "Features", "{C457A71B-FB46-4195-8685-ECC3CA9CA77B}"
EndProject
Project("{2150E333-8FDC-42A3-9474-1A3956D46DE8}") = "Common", "Common", "{17A41F64-F589-4DB9-9C6A-4B3BA391FCB5}"
EndProject
Project("{FAE04EC0-301F-11D3-BF4B-00C04F79EFBC}") = "Apiest.Features.Common.Core", "Apiest.Features.Common.Core\Apiest.Features.Common.Core.csproj", "{048A04B9-2832-476F-AE5F-0BE00DA71842}"
EndProject
Project("{FAE04EC0-301F-11D3-BF4B-00C04F79EFBC}") = "Apiest.Features.Common.Infrastructure", "Apiest.Features.Common.Infrastructure\Apiest.Features.Common.Infrastructure.csproj", "{DC7E9FFB-44B0-4716-B841-82B552957CE7}"
	ProjectSection(ProjectDependencies) = postProject
		{048A04B9-2832-476F-AE5F-0BE00DA71842} = {048A04B9-2832-476F-AE5F-0BE00DA71842}
	EndProjectSection
EndProject
Project("{2150E333-8FDC-42A3-9474-1A3956D46DE8}") = "RequestBin", "RequestBin", "{CCA3EEEC-6E0F-4847-996A-21EDB3B12C32}"
EndProject
Project("{FAE04EC0-301F-11D3-BF4B-00C04F79EFBC}") = "Apiest.Features.RequestBin.Core", "Apiest.Features.RequestBin.Core\Apiest.Features.RequestBin.Core.csproj", "{0FD1C0E8-A0C3-4898-A91F-21329ADD480F}"
EndProject
Project("{FAE04EC0-301F-11D3-BF4B-00C04F79EFBC}") = "Apiest.Features.RequestBin.Services", "Apiest.Features.RequestBin.Services\Apiest.Features.RequestBin.Services.csproj", "{0DE83795-C68D-428A-8D26-E75C38AEE38A}"
	ProjectSection(ProjectDependencies) = postProject
		{048A04B9-2832-476F-AE5F-0BE00DA71842} = {048A04B9-2832-476F-AE5F-0BE00DA71842}
		{0FD1C0E8-A0C3-4898-A91F-21329ADD480F} = {0FD1C0E8-A0C3-4898-A91F-21329ADD480F}
	EndProjectSection
EndProject
Project("{FAE04EC0-301F-11D3-BF4B-00C04F79EFBC}") = "Apiest.Features.RequestBin.Infrastructure", "Apiest.Features.RequestBin.Infrastructure\Apiest.Features.RequestBin.Infrastructure.csproj", "{AB596801-2B12-40FA-9F56-075FC9CA7C9B}"
	ProjectSection(ProjectDependencies) = postProject
		{0DE83795-C68D-428A-8D26-E75C38AEE38A} = {0DE83795-C68D-428A-8D26-E75C38AEE38A}
		{048A04B9-2832-476F-AE5F-0BE00DA71842} = {048A04B9-2832-476F-AE5F-0BE00DA71842}
		{0FD1C0E8-A0C3-4898-A91F-21329ADD480F} = {0FD1C0E8-A0C3-4898-A91F-21329ADD480F}
		{DC7E9FFB-44B0-4716-B841-82B552957CE7} = {DC7E9FFB-44B0-4716-B841-82B552957CE7}
	EndProjectSection
EndProject
Project("{FAE04EC0-301F-11D3-BF4B-00C04F79EFBC}") = "Apiest.Features.RequestBin.Tests", "Apiest.Features.RequestBin.Tests\Apiest.Features.RequestBin.Tests.csproj", "{26DB08E1-8F67-47F9-9E04-CB484EE2B459}"
	ProjectSection(ProjectDependencies) = postProject
		{AB596801-2B12-40FA-9F56-075FC9CA7C9B} = {AB596801-2B12-40FA-9F56-075FC9CA7C9B}
		{0DE83795-C68D-428A-8D26-E75C38AEE38A} = {0DE83795-C68D-428A-8D26-E75C38AEE38A}
		{048A04B9-2832-476F-AE5F-0BE00DA71842} = {048A04B9-2832-476F-AE5F-0BE00DA71842}
		{0FD1C0E8-A0C3-4898-A91F-21329ADD480F} = {0FD1C0E8-A0C3-4898-A91F-21329ADD480F}
		{DC7E9FFB-44B0-4716-B841-82B552957CE7} = {DC7E9FFB-44B0-4716-B841-82B552957CE7}
	EndProjectSection
EndProject
Project("{2150E333-8FDC-42A3-9474-1A3956D46DE8}") = "API", "API", "{720F661E-1968-446B-AC0D-A477183177A3}"
EndProject
Project("{FAE04EC0-301F-11D3-BF4B-00C04F79EFBC}") = "webservice", "webservice\webservice.csproj", "{7A75E8B6-7C50-494A-8EED-66526D0178B1}"
	ProjectSection(ProjectDependencies) = postProject
		{AB596801-2B12-40FA-9F56-075FC9CA7C9B} = {AB596801-2B12-40FA-9F56-075FC9CA7C9B}
		{0DE83795-C68D-428A-8D26-E75C38AEE38A} = {0DE83795-C68D-428A-8D26-E75C38AEE38A}
		{048A04B9-2832-476F-AE5F-0BE00DA71842} = {048A04B9-2832-476F-AE5F-0BE00DA71842}
		{0FD1C0E8-A0C3-4898-A91F-21329ADD480F} = {0FD1C0E8-A0C3-4898-A91F-21329ADD480F}
		{DC7E9FFB-44B0-4716-B841-82B552957CE7} = {DC7E9FFB-44B0-4716-B841-82B552957CE7}
	EndProjectSection
EndProject
Project("{FAE04EC0-301F-11D3-BF4B-00C04F79EFBC}") = "webservices.test", "webservices.test\webservices.test.csproj", "{1755976D-7FCE-4321-9F58-0358DF6AD771}"
	ProjectSection(ProjectDependencies) = postProject
		{AB596801-2B12-40FA-9F56-075FC9CA7C9B} = {AB596801-2B12-40FA-9F56-075FC9CA7C9B}
		{0DE83795-C68D-428A-8D26-E75C38AEE38A} = {0DE83795-C68D-428A-8D26-E75C38AEE38A}
		{048A04B9-2832-476F-AE5F-0BE00DA71842} = {048A04B9-2832-476F-AE5F-0BE00DA71842}
		{0FD1C0E8-A0C3-4898-A91F-21329ADD480F} = {0FD1C0E8-A0C3-4898-A91F-21329ADD480F}
		{DC7E9FFB-44B0-4716-B841-82B552957CE7} = {DC7E9FFB-44B0-4716-B841-82B552957CE7}
	EndProjectSection
EndProject
Global
	GlobalSection(SolutionConfigurationPlatforms) = preSolution
		Debug|Any CPU = Debug|Any CPU
		Release|Any CPU = Release|Any CPU
	EndGlobalSection
	GlobalSection(ProjectConfigurationPlatforms) = postSolution
		{048A04B9-2832-476F-AE5F-0BE00DA71842}.Debug|Any CPU.ActiveCfg = Debug|Any CPU
		{048A04B9-2832-476F-AE5F-0BE00DA71842}.Debug|Any CPU.Build.0 = Debug|Any CPU
		{048A04B9-2832-476F-AE5F-0BE00DA71842}.Release|Any CPU.ActiveCfg = Release|Any CPU
		{048A04B9-2832-476F-AE5F-0BE00DA71842}.Release|Any CPU.Build.0 = Release|Any CPU
		{DC7E9FFB-44B0-4716-B841-82B552957CE7}.Debug|Any CPU.ActiveCfg = Debug|Any CPU
		{DC7E9FFB-44B0-4716-B841-82B552957CE7}.Debug|Any CPU.Build.0 = Debug|Any CPU
		{DC7E9FFB-44B0-4716-B841-82B552957CE7}.Release|Any CPU.ActiveCfg = Release|Any CPU
		{DC7E9FFB-44B0-4716-B841-82B552957CE7}.Release|Any CPU.Build.0 = Release|Any CPU
		{0FD1C0E8-A0C3-4898-A91F-21329ADD480F}.Debug|Any CPU.ActiveCfg = Debug|Any CPU
		{0FD1C0E8-A0C3-4898-A91F-21329ADD480F}.Debug|Any CPU.Build.0 = Debug|Any CPU
		{0FD1C0E8-A0C3-4898-A91F-21329ADD480F}.Release|Any CPU.ActiveCfg = Release|Any CPU
		{0FD1C0E8-A0C3-4898-A91F-21329ADD480F}.Release|Any CPU.Build.0 = Release|Any CPU
		{0DE83795-C68D-428A-8D26-E75C38AEE38A}.Debug|Any CPU.ActiveCfg = Debug|Any CPU
		{0DE83795-C68D-428A-8D26-E75C38AEE38A}.Debug|Any CPU.Build.0 = Debug|Any CPU
		{0DE83795-C68D-428A-8D26-E75C38AEE38A}.Release|Any CPU.ActiveCfg = Release|Any CPU
		{0DE83795-C68D-428A-8D26-E75C38AEE38A}.Release|Any CPU.Build.0 = Release|Any CPU
		{AB596801-2B12-40FA-9F56-075FC9CA7C9B}.Debug|Any CPU.ActiveCfg = Debug|Any CPU
		{AB596801-2B12-40FA-9F56-075FC9CA7C9B}.Debug|Any CPU.Build.0 = Debug|Any CPU
		{AB596801-2B12-40FA-9F56-075FC9CA7C9B}.Release|Any CPU.ActiveCfg = Release|Any CPU
		{AB596801-2B12-40FA-9F56-075FC9CA7C9B}.Release|Any CPU.Build.0 = Release|Any CPU
		{26DB08E1-8F67-47F9-9E04-CB484EE2B459}.Debug|Any CPU.ActiveCfg = Debug|Any CPU
		{26DB08E1-8F67-47F9-9E04-CB484EE2B459}.Debug|Any CPU.Build.0 = Debug|Any CPU
		{26DB08E1-8F67-47F9-9E04-CB484EE2B459}.Release|Any CPU.ActiveCfg = Release|Any CPU
		{26DB08E1-8F67-47F9-9E04-CB484EE2B459}.Release|Any CPU.Build.0 = Release|Any CPU
		{7A75E8B6-7C50-494A-8EED-66526D0178B1}.Debug|Any CPU.ActiveCfg = Debug|Any CPU
		{7A75E8B6-7C50-494A-8EED-66526D0178B1}.Debug|Any CPU.Build.0 = Debug|Any CPU
		{7A75E8B6-7C50-494A-8EED-66526D0178B1}.Release|Any CPU.ActiveCfg = Release|Any CPU
		{7A75E8B6-7C50-494A-8EED-66526D0178B1}.Release|Any CPU.Build.0 = Release|Any CPU
		{1755976D-7FCE-4321-9F58-0358DF6AD771}.Debug|Any CPU.ActiveCfg = Debug|Any CPU
		{1755976D-7FCE-4321-9F58-0358DF6AD771}.Debug|Any CPU.Build.0 = Debug|Any CPU
		{1755976D-7FCE-4321-9F58-0358DF6AD771}.Release|Any CPU.ActiveCfg = Release|Any CPU
		{1755976D-7FCE-4321-9F58-0358DF6AD771}.Release|Any CPU.Build.0 = Release|Any CPU
	EndGlobalSection
	GlobalSection(SolutionProperties) = preSolution
		HideSolutionNode = FALSE
	EndGlobalSection
	GlobalSection(NestedProjects) = preSolution
		{17A41F64-F589-4DB9-9C6A-4B3BA391FCB5} = {C457A71B-FB46-4195-8685-ECC3CA9CA77B}
		{048A04B9-2832-476F-AE5F-0BE00DA71842} = {17A41F64-F589-4DB9-9C6A-4B3BA391FCB5}
		{DC7E9FFB-44B0-4716-B841-82B552957CE7} = {17A41F64-F589-4DB9-9C6A-4B3BA391FCB5}
		{CCA3EEEC-6E0F-4847-996A-21EDB3B12C32} = {C457A71B-FB46-4195-8685-ECC3CA9CA77B}
		{0FD1C0E8-A0C3-4898-A91F-21329ADD480F} = {CCA3EEEC-6E0F-4847-996A-21EDB3B12C32}
		{0DE83795-C68D-428A-8D26-E75C38AEE38A} = {CCA3EEEC-6E0F-4847-996A-21EDB3B12C32}
		{AB596801-2B12-40FA-9F56-075FC9CA7C9B} = {CCA3EEEC-6E0F-4847-996A-21EDB3B12C32}
		{26DB08E1-8F67-47F9-9E04-CB484EE2B459} = {CCA3EEEC-6E0F-4847-996A-21EDB3B12C32}
		{720F661E-1968-446B-AC0D-A477183177A3} = {C457A71B-FB46-4195-8685-ECC3CA9CA77B}
		{7A75E8B6-7C50-494A-8EED-66526D0178B1} = {720F661E-1968-446B-AC0D-A477183177A3}
		{1755976D-7FCE-4321-9F58-0358DF6AD771} = {720F661E-1968-446B-AC0D-A477183177A3}
	EndGlobalSection
EndGlobal
